<?xml version="1.0" encoding="UTF-8"?>
<CONFIG>
  <ProjectOptions>
    <Version Value="9"/>
    <PathDelim Value="\"/>
    <General>
      <Flags>
        <MainUnitHasUsesSectionForAllUnits Value="False"/>
        <MainUnitHasCreateFormStatements Value="False"/>
        <MainUnitHasTitleStatement Value="False"/>
      </Flags>
      <MainUnit Value="0"/>
      <UseXPManifest Value="True"/>
      <Icon Value="0"/>
    </General>
    <i18n>
      <EnableI18N LFM="False"/>
    </i18n>
    <VersionInfo>
      <StringTable ProductVersion=""/>
    </VersionInfo>
    <BuildModes Count="1" Active="Default">
      <Item1 Name="Default" Default="True"/>
    </BuildModes>
    <PublishOptions>
      <Version Value="2"/>
      <IncludeFileFilter Value="*.(pas|pp|inc|lfm|lpr|lrs|lpi|lpk|sh|xml)"/>
      <ExcludeFileFilter Value="*.(bak|ppu|o|so);*~;backup"/>
    </PublishOptions>
    <RunParams>
      <local>
        <FormatVersion Value="1"/>
      </local>
    </RunParams>
    <RequiredPackages Count="1">
      <Item1>
        <PackageName Value="LCL"/>
      </Item1>
    </RequiredPackages>
    <Units Count="170">
      <Unit0>
        <Filename Value="KaM_Remake.dpr"/>
        <IsPartOfProject Value="True"/>
        <CursorPos Y="221"/>
        <UsageCount Value="29"/>
        <Loaded Value="True"/>
        <DefaultSyntaxHighlighter Value="Delphi"/>
      </Unit0>
      <Unit1>
        <Filename Value="KM_Unit1.pas"/>
        <HasResources Value="True"/>
        <UsageCount Value="22"/>
        <DefaultSyntaxHighlighter Value="Delphi"/>
      </Unit1>
      <Unit2>
        <Filename Value="KM_Form_Loading.pas"/>
        <HasResources Value="True"/>
        <UsageCount Value="22"/>
        <DefaultSyntaxHighlighter Value="Delphi"/>
      </Unit2>
      <Unit3>
        <Filename Value="KM_AIAttacks.pas"/>
        <IsPartOfProject Value="True"/>
        <UsageCount Value="29"/>
        <DefaultSyntaxHighlighter Value="Delphi"/>
      </Unit3>
      <Unit4>
        <Filename Value="KM_ArmyEvaluation.pas"/>
        <IsPartOfProject Value="True"/>
        <TopLine Value="10"/>
        <CursorPos X="15" Y="30"/>
        <UsageCount Value="29"/>
        <DefaultSyntaxHighlighter Value="Delphi"/>
      </Unit4>
      <Unit5>
        <Filename Value="KM_BuildList.pas"/>
        <IsPartOfProject Value="True"/>
        <UsageCount Value="29"/>
        <DefaultSyntaxHighlighter Value="Delphi"/>
      </Unit5>
      <Unit6>
        <Filename Value="KM_Campaigns.pas"/>
        <IsPartOfProject Value="True"/>
        <TopLine Value="205"/>
        <CursorPos X="46" Y="229"/>
        <UsageCount Value="29"/>
        <DefaultSyntaxHighlighter Value="Delphi"/>
      </Unit6>
      <Unit7>
        <Filename Value="KM_CommonClasses.pas"/>
        <IsPartOfProject Value="True"/>
        <UsageCount Value="29"/>
        <DefaultSyntaxHighlighter Value="Delphi"/>
      </Unit7>
      <Unit8>
        <Filename Value="KM_CommonEvents.pas"/>
        <IsPartOfProject Value="True"/>
        <UsageCount Value="29"/>
        <DefaultSyntaxHighlighter Value="Delphi"/>
      </Unit8>
      <Unit9>
        <Filename Value="KM_Controls.pas"/>
        <IsPartOfProject Value="True"/>
        <TopLine Value="4090"/>
        <CursorPos X="47" Y="4114"/>
        <UsageCount Value="29"/>
        <DefaultSyntaxHighlighter Value="Delphi"/>
      </Unit9>
      <Unit10>
        <Filename Value="KM_DedicatedServer.pas"/>
        <IsPartOfProject Value="True"/>
        <TopLine Value="16"/>
        <CursorPos X="14" Y="34"/>
        <UsageCount Value="29"/>
        <DefaultSyntaxHighlighter Value="Delphi"/>
      </Unit10>
      <Unit11>
        <Filename Value="KM_Defaults.pas"/>
        <IsPartOfProject Value="True"/>
        <UsageCount Value="29"/>
        <DefaultSyntaxHighlighter Value="Delphi"/>
      </Unit11>
      <Unit12>
        <Filename Value="KM_DeliverQueue.pas"/>
        <IsPartOfProject Value="True"/>
        <TopLine Value="45"/>
        <CursorPos X="36" Y="64"/>
        <UsageCount Value="29"/>
        <DefaultSyntaxHighlighter Value="Delphi"/>
      </Unit12>
      <Unit13>
        <Filename Value="KM_FogOfWar.pas"/>
        <IsPartOfProject Value="True"/>
        <TopLine Value="46"/>
        <CursorPos X="45" Y="58"/>
        <UsageCount Value="29"/>
        <DefaultSyntaxHighlighter Value="Delphi"/>
      </Unit13>
      <Unit14>
        <Filename Value="KM_Houses.pas"/>
        <IsPartOfProject Value="True"/>
        <TopLine Value="2241"/>
        <CursorPos X="30" Y="2261"/>
        <UsageCount Value="29"/>
        <DefaultSyntaxHighlighter Value="Delphi"/>
      </Unit14>
      <Unit15>
        <Filename Value="KM_InterfaceDefaults.pas"/>
        <IsPartOfProject Value="True"/>
        <TopLine Value="184"/>
        <CursorPos Y="192"/>
        <UsageCount Value="29"/>
        <DefaultSyntaxHighlighter Value="Delphi"/>
      </Unit15>
      <Unit16>
        <Filename Value="KM_InterfaceGamePlay.pas"/>
        <IsPartOfProject Value="True"/>
        <TopLine Value="30"/>
        <CursorPos X="33" Y="52"/>
        <UsageCount Value="29"/>
        <DefaultSyntaxHighlighter Value="Delphi"/>
      </Unit16>
      <Unit17>
        <Filename Value="KM_InterfaceMainMenu.pas"/>
        <IsPartOfProject Value="True"/>
        <TopLine Value="66"/>
        <CursorPos Y="67"/>
        <UsageCount Value="29"/>
        <DefaultSyntaxHighlighter Value="Delphi"/>
      </Unit17>
      <Unit18>
        <Filename Value="KM_InterfaceMapEditor.pas"/>
        <IsPartOfProject Value="True"/>
        <TopLine Value="820"/>
        <CursorPos X="14" Y="819"/>
        <UsageCount Value="29"/>
        <DefaultSyntaxHighlighter Value="Delphi"/>
      </Unit18>
      <Unit19>
        <Filename Value="KM_MessageStack.pas"/>
        <IsPartOfProject Value="True"/>
        <UsageCount Value="29"/>
        <DefaultSyntaxHighlighter Value="Delphi"/>
      </Unit19>
      <Unit20>
        <Filename Value="KM_Game.pas"/>
        <IsPartOfProject Value="True"/>
        <TopLine Value="114"/>
        <CursorPos X="40" Y="137"/>
        <UsageCount Value="29"/>
        <DefaultSyntaxHighlighter Value="Delphi"/>
      </Unit20>
      <Unit21>
        <Filename Value="KM_GameInfo.pas"/>
        <IsPartOfProject Value="True"/>
        <UsageCount Value="29"/>
        <DefaultSyntaxHighlighter Value="Delphi"/>
      </Unit21>
      <Unit22>
        <Filename Value="KM_GameOptions.pas"/>
        <IsPartOfProject Value="True"/>
        <UsageCount Value="29"/>
        <DefaultSyntaxHighlighter Value="Delphi"/>
      </Unit22>
      <Unit23>
        <Filename Value="KM_GameInputProcess.pas"/>
        <IsPartOfProject Value="True"/>
        <UsageCount Value="29"/>
        <DefaultSyntaxHighlighter Value="Delphi"/>
      </Unit23>
      <Unit24>
        <Filename Value="KM_GameInputProcess_Multi.pas"/>
        <IsPartOfProject Value="True"/>
        <UsageCount Value="29"/>
        <DefaultSyntaxHighlighter Value="Delphi"/>
      </Unit24>
      <Unit25>
        <Filename Value="KM_GameInputProcess_Single.pas"/>
        <IsPartOfProject Value="True"/>
        <UsageCount Value="29"/>
        <DefaultSyntaxHighlighter Value="Delphi"/>
      </Unit25>
      <Unit26>
        <Filename Value="KM_Goals.pas"/>
        <IsPartOfProject Value="True"/>
        <UsageCount Value="29"/>
        <DefaultSyntaxHighlighter Value="Delphi"/>
      </Unit26>
      <Unit27>
        <Filename Value="KM_HTTPClient.pas"/>
        <IsPartOfProject Value="True"/>
        <UsageCount Value="29"/>
        <DefaultSyntaxHighlighter Value="Delphi"/>
      </Unit27>
      <Unit28>
        <Filename Value="KM_Log.pas"/>
        <IsPartOfProject Value="True"/>
        <TopLine Value="110"/>
        <CursorPos X="56" Y="112"/>
        <UsageCount Value="29"/>
        <DefaultSyntaxHighlighter Value="Delphi"/>
      </Unit28>
      <Unit29>
        <Filename Value="KM_MapEditor.pas"/>
        <IsPartOfProject Value="True"/>
        <TopLine Value="355"/>
        <CursorPos X="21" Y="384"/>
        <UsageCount Value="29"/>
        <DefaultSyntaxHighlighter Value="Delphi"/>
      </Unit29>
      <Unit30>
        <Filename Value="KM_MapInfo.pas"/>
        <UsageCount Value="22"/>
        <DefaultSyntaxHighlighter Value="Delphi"/>
      </Unit30>
      <Unit31>
        <Filename Value="KM_MasterServer.pas"/>
        <IsPartOfProject Value="True"/>
        <UsageCount Value="29"/>
        <DefaultSyntaxHighlighter Value="Delphi"/>
      </Unit31>
      <Unit32>
        <Filename Value="KM_MissionScript.pas"/>
        <IsPartOfProject Value="True"/>
        <UsageCount Value="29"/>
        <DefaultSyntaxHighlighter Value="Delphi"/>
      </Unit32>
      <Unit33>
        <Filename Value="KM_Music.pas"/>
        <IsPartOfProject Value="True"/>
        <TopLine Value="215"/>
        <CursorPos X="30" Y="224"/>
        <UsageCount Value="29"/>
        <DefaultSyntaxHighlighter Value="Delphi"/>
      </Unit33>
      <Unit34>
        <Filename Value="KM_NetClient.pas"/>
        <IsPartOfProject Value="True"/>
        <UsageCount Value="29"/>
        <DefaultSyntaxHighlighter Value="Delphi"/>
      </Unit34>
      <Unit35>
        <Filename Value="KM_NetServer.pas"/>
        <IsPartOfProject Value="True"/>
        <UsageCount Value="29"/>
        <DefaultSyntaxHighlighter Value="Delphi"/>
      </Unit35>
      <Unit36>
        <Filename Value="KM_Networking.pas"/>
        <IsPartOfProject Value="True"/>
        <TopLine Value="695"/>
        <CursorPos X="30" Y="695"/>
        <UsageCount Value="29"/>
        <DefaultSyntaxHighlighter Value="Delphi"/>
      </Unit36>
      <Unit37>
        <Filename Value="KM_NetworkTypes.pas"/>
        <IsPartOfProject Value="True"/>
        <UsageCount Value="29"/>
        <DefaultSyntaxHighlighter Value="Delphi"/>
      </Unit37>
      <Unit38>
        <Filename Value="KM_NetPlayersList.pas"/>
        <IsPartOfProject Value="True"/>
        <TopLine Value="853"/>
        <CursorPos Y="884"/>
        <UsageCount Value="29"/>
        <DefaultSyntaxHighlighter Value="Delphi"/>
      </Unit38>
      <Unit39>
        <Filename Value="KM_PathFinding.pas"/>
        <IsPartOfProject Value="True"/>
        <UsageCount Value="29"/>
        <DefaultSyntaxHighlighter Value="Delphi"/>
      </Unit39>
      <Unit40>
        <Filename Value="KM_Player.pas"/>
        <IsPartOfProject Value="True"/>
        <UsageCount Value="29"/>
        <DefaultSyntaxHighlighter Value="Delphi"/>
      </Unit40>
      <Unit41>
        <Filename Value="KM_PlayerAI.pas"/>
        <IsPartOfProject Value="True"/>
        <UsageCount Value="29"/>
        <DefaultSyntaxHighlighter Value="Delphi"/>
      </Unit41>
      <Unit42>
        <Filename Value="KM_PlayersCollection.pas"/>
        <IsPartOfProject Value="True"/>
        <UsageCount Value="29"/>
        <DefaultSyntaxHighlighter Value="Delphi"/>
      </Unit42>
      <Unit43>
        <Filename Value="KM_PlayerStats.pas"/>
        <IsPartOfProject Value="True"/>
        <UsageCount Value="29"/>
        <DefaultSyntaxHighlighter Value="Delphi"/>
      </Unit43>
      <Unit44>
        <Filename Value="KM_Projectiles.pas"/>
        <IsPartOfProject Value="True"/>
        <UsageCount Value="29"/>
        <DefaultSyntaxHighlighter Value="Delphi"/>
      </Unit44>
      <Unit45>
        <Filename Value="KM_Points.pas"/>
        <IsPartOfProject Value="True"/>
        <TopLine Value="372"/>
        <CursorPos X="86" Y="414"/>
        <UsageCount Value="29"/>
        <DefaultSyntaxHighlighter Value="Delphi"/>
      </Unit45>
      <Unit46>
        <Filename Value="KM_Render.pas"/>
        <IsPartOfProject Value="True"/>
        <UsageCount Value="29"/>
        <DefaultSyntaxHighlighter Value="Delphi"/>
      </Unit46>
      <Unit47>
        <Filename Value="KM_RenderAux.pas"/>
        <IsPartOfProject Value="True"/>
        <TopLine Value="110"/>
        <CursorPos X="49" Y="110"/>
        <UsageCount Value="29"/>
        <DefaultSyntaxHighlighter Value="Delphi"/>
      </Unit47>
      <Unit48>
        <Filename Value="KM_RenderSetup.pas"/>
        <UsageCount Value="22"/>
        <DefaultSyntaxHighlighter Value="Delphi"/>
      </Unit48>
      <Unit49>
        <Filename Value="KM_RenderUI.pas"/>
        <IsPartOfProject Value="True"/>
        <UsageCount Value="29"/>
        <DefaultSyntaxHighlighter Value="Delphi"/>
      </Unit49>
      <Unit50>
        <Filename Value="KM_Resource.pas"/>
        <IsPartOfProject Value="True"/>
        <TopLine Value="92"/>
        <CursorPos X="62" Y="111"/>
        <UsageCount Value="29"/>
        <DefaultSyntaxHighlighter Value="Delphi"/>
      </Unit50>
      <Unit51>
        <Filename Value="KM_ResourceCursors.pas"/>
        <IsPartOfProject Value="True"/>
        <UsageCount Value="29"/>
        <DefaultSyntaxHighlighter Value="Delphi"/>
      </Unit51>
      <Unit52>
        <Filename Value="KM_ResourceFonts.pas"/>
        <IsPartOfProject Value="True"/>
        <UsageCount Value="29"/>
        <DefaultSyntaxHighlighter Value="Delphi"/>
      </Unit52>
      <Unit53>
        <Filename Value="KM_ResourceHouse.pas"/>
        <IsPartOfProject Value="True"/>
        <TopLine Value="558"/>
        <CursorPos X="3" Y="560"/>
        <UsageCount Value="29"/>
        <DefaultSyntaxHighlighter Value="Delphi"/>
      </Unit53>
      <Unit54>
        <Filename Value="KM_ResourcePalettes.pas"/>
        <IsPartOfProject Value="True"/>
        <UsageCount Value="29"/>
        <DefaultSyntaxHighlighter Value="Delphi"/>
      </Unit54>
      <Unit55>
        <Filename Value="KM_ResourceResource.pas"/>
        <IsPartOfProject Value="True"/>
        <UsageCount Value="29"/>
        <DefaultSyntaxHighlighter Value="Delphi"/>
      </Unit55>
      <Unit56>
        <Filename Value="KM_ResourceSprites.pas"/>
        <IsPartOfProject Value="True"/>
        <TopLine Value="76"/>
        <CursorPos X="17" Y="95"/>
        <UsageCount Value="29"/>
        <DefaultSyntaxHighlighter Value="Delphi"/>
      </Unit56>
      <Unit57>
        <Filename Value="KM_ResourceTileset.pas"/>
        <IsPartOfProject Value="True"/>
        <UsageCount Value="29"/>
        <DefaultSyntaxHighlighter Value="Delphi"/>
      </Unit57>
      <Unit58>
        <Filename Value="KM_ResourceUnit.pas"/>
        <IsPartOfProject Value="True"/>
        <UsageCount Value="29"/>
        <DefaultSyntaxHighlighter Value="Delphi"/>
      </Unit58>
      <Unit59>
        <Filename Value="KM_Saves.pas"/>
        <IsPartOfProject Value="True"/>
        <UsageCount Value="29"/>
        <DefaultSyntaxHighlighter Value="Delphi"/>
      </Unit59>
      <Unit60>
        <Filename Value="KM_ServerQuery.pas"/>
        <IsPartOfProject Value="True"/>
        <UsageCount Value="29"/>
        <DefaultSyntaxHighlighter Value="Delphi"/>
      </Unit60>
      <Unit61>
        <Filename Value="KM_Settings.pas"/>
        <IsPartOfProject Value="True"/>
        <TopLine Value="486"/>
        <CursorPos X="70" Y="527"/>
        <UsageCount Value="29"/>
        <DefaultSyntaxHighlighter Value="Delphi"/>
      </Unit61>
      <Unit62>
        <Filename Value="KM_Sound.pas"/>
        <IsPartOfProject Value="True"/>
        <UsageCount Value="29"/>
        <DefaultSyntaxHighlighter Value="Delphi"/>
      </Unit62>
      <Unit63>
        <Filename Value="KM_Terrain.pas"/>
        <IsPartOfProject Value="True"/>
        <UsageCount Value="29"/>
        <DefaultSyntaxHighlighter Value="Delphi"/>
      </Unit63>
      <Unit64>
        <Filename Value="KM_TextLibrary.pas"/>
        <IsPartOfProject Value="True"/>
        <CursorPos Y="6"/>
        <UsageCount Value="29"/>
        <DefaultSyntaxHighlighter Value="Delphi"/>
      </Unit64>
      <Unit65>
        <Filename Value="Ext\KM_TGATexture.pas"/>
        <IsPartOfProject Value="True"/>
        <TopLine Value="130"/>
        <CursorPos X="25" Y="169"/>
        <UsageCount Value="29"/>
        <DefaultSyntaxHighlighter Value="Delphi"/>
      </Unit65>
      <Unit66>
        <Filename Value="KM_UnitActionAbandonWalk.pas"/>
        <IsPartOfProject Value="True"/>
        <UsageCount Value="29"/>
        <DefaultSyntaxHighlighter Value="Delphi"/>
      </Unit66>
      <Unit67>
        <Filename Value="KM_UnitActionFight.pas"/>
        <IsPartOfProject Value="True"/>
        <UsageCount Value="29"/>
        <DefaultSyntaxHighlighter Value="Delphi"/>
      </Unit67>
      <Unit68>
        <Filename Value="KM_UnitActionGoInOut.pas"/>
        <IsPartOfProject Value="True"/>
        <UsageCount Value="29"/>
        <DefaultSyntaxHighlighter Value="Delphi"/>
      </Unit68>
      <Unit69>
        <Filename Value="KM_UnitActionStay.pas"/>
        <IsPartOfProject Value="True"/>
        <UsageCount Value="29"/>
        <DefaultSyntaxHighlighter Value="Delphi"/>
      </Unit69>
      <Unit70>
        <Filename Value="KM_UnitActionStormAttack.pas"/>
        <IsPartOfProject Value="True"/>
        <UsageCount Value="29"/>
        <DefaultSyntaxHighlighter Value="Delphi"/>
      </Unit70>
      <Unit71>
        <Filename Value="KM_UnitActionWalkTo.pas"/>
        <IsPartOfProject Value="True"/>
        <TopLine Value="668"/>
        <CursorPos X="3" Y="674"/>
        <UsageCount Value="29"/>
        <DefaultSyntaxHighlighter Value="Delphi"/>
      </Unit71>
      <Unit72>
        <Filename Value="KM_Units.pas"/>
        <IsPartOfProject Value="True"/>
        <TopLine Value="1461"/>
        <CursorPos X="3" Y="1461"/>
        <UsageCount Value="29"/>
        <DefaultSyntaxHighlighter Value="Delphi"/>
      </Unit72>
      <Unit73>
        <Filename Value="KM_Units_Warrior.pas"/>
        <IsPartOfProject Value="True"/>
        <UsageCount Value="29"/>
        <DefaultSyntaxHighlighter Value="Delphi"/>
      </Unit73>
      <Unit74>
        <Filename Value="KM_Units_WorkPlan.pas"/>
        <IsPartOfProject Value="True"/>
        <UsageCount Value="29"/>
        <DefaultSyntaxHighlighter Value="Delphi"/>
      </Unit74>
      <Unit75>
        <Filename Value="KM_UnitTaskAttackHouse.pas"/>
        <IsPartOfProject Value="True"/>
        <UsageCount Value="29"/>
        <DefaultSyntaxHighlighter Value="Delphi"/>
      </Unit75>
      <Unit76>
        <Filename Value="KM_UnitTaskBuild.pas"/>
        <IsPartOfProject Value="True"/>
        <UsageCount Value="29"/>
        <DefaultSyntaxHighlighter Value="Delphi"/>
      </Unit76>
      <Unit77>
        <Filename Value="KM_UnitTaskDelivery.pas"/>
        <IsPartOfProject Value="True"/>
        <UsageCount Value="29"/>
        <DefaultSyntaxHighlighter Value="Delphi"/>
      </Unit77>
      <Unit78>
        <Filename Value="KM_UnitTaskDie.pas"/>
        <IsPartOfProject Value="True"/>
        <UsageCount Value="29"/>
        <DefaultSyntaxHighlighter Value="Delphi"/>
      </Unit78>
      <Unit79>
        <Filename Value="KM_UnitTaskGoEat.pas"/>
        <IsPartOfProject Value="True"/>
        <UsageCount Value="29"/>
        <DefaultSyntaxHighlighter Value="Delphi"/>
      </Unit79>
      <Unit80>
        <Filename Value="KM_UnitTaskGoHome.pas"/>
        <IsPartOfProject Value="True"/>
        <UsageCount Value="29"/>
        <DefaultSyntaxHighlighter Value="Delphi"/>
      </Unit80>
      <Unit81>
        <Filename Value="KM_UnitTaskGoOutShowHungry.pas"/>
        <IsPartOfProject Value="True"/>
        <UsageCount Value="29"/>
        <DefaultSyntaxHighlighter Value="Delphi"/>
      </Unit81>
      <Unit82>
        <Filename Value="KM_UnitTaskMining.pas"/>
        <IsPartOfProject Value="True"/>
        <UsageCount Value="29"/>
        <DefaultSyntaxHighlighter Value="Delphi"/>
      </Unit82>
      <Unit83>
        <Filename Value="KM_UnitTaskSelfTrain.pas"/>
        <IsPartOfProject Value="True"/>
        <UsageCount Value="29"/>
        <DefaultSyntaxHighlighter Value="Delphi"/>
      </Unit83>
      <Unit84>
        <Filename Value="KM_UnitTaskThrowRock.pas"/>
        <IsPartOfProject Value="True"/>
        <UsageCount Value="29"/>
        <DefaultSyntaxHighlighter Value="Delphi"/>
      </Unit84>
      <Unit85>
        <Filename Value="KM_Utils.pas"/>
        <IsPartOfProject Value="True"/>
        <UsageCount Value="29"/>
        <DefaultSyntaxHighlighter Value="Delphi"/>
      </Unit85>
      <Unit86>
        <Filename Value="KM_Viewport.pas"/>
        <IsPartOfProject Value="True"/>
        <UsageCount Value="29"/>
        <DefaultSyntaxHighlighter Value="Delphi"/>
      </Unit86>
      <Unit87>
        <Filename Value="..\KaM Remake\Ext\BGRABitmap\bgrabitmap.pas"/>
        <IsPartOfProject Value="True"/>
        <UsageCount Value="29"/>
        <DefaultSyntaxHighlighter Value="Delphi"/>
      </Unit87>
      <Unit88>
        <Filename Value="KM_NetServerLNet.pas"/>
        <IsPartOfProject Value="True"/>
        <CursorPos Y="2"/>
        <UsageCount Value="27"/>
        <DefaultSyntaxHighlighter Value="Delphi"/>
      </Unit88>
      <Unit89>
        <Filename Value="KM_FormMain.pas"/>
        <IsPartOfProject Value="True"/>
        <ComponentName Value="FormMain"/>
        <HasResources Value="True"/>
        <ResourceBaseClass Value="Form"/>
        <TopLine Value="154"/>
        <CursorPos Y="185"/>
        <UsageCount Value="27"/>
        <DefaultSyntaxHighlighter Value="Delphi"/>
      </Unit89>
      <Unit90>
        <Filename Value="KaM_Remake.inc"/>
        <CursorPos X="3" Y="14"/>
        <UsageCount Value="11"/>
        <DefaultSyntaxHighlighter Value="Delphi"/>
      </Unit90>
      <Unit91>
        <Filename Value="KM_Main.pas"/>
        <IsPartOfProject Value="True"/>
        <TopLine Value="264"/>
        <CursorPos Y="286"/>
        <UsageCount Value="28"/>
        <DefaultSyntaxHighlighter Value="Delphi"/>
      </Unit91>
      <Unit92>
        <Filename Value="C:\lazarus\lcl\include\application.inc"/>
        <TopLine Value="2158"/>
        <CursorPos Y="2178"/>
        <UsageCount Value="10"/>
        <DefaultSyntaxHighlighter Value="Delphi"/>
      </Unit92>
      <Unit93>
        <Filename Value="C:\lazarus\lcl\lclclasses.pp"/>
        <UnitName Value="LCLClasses"/>
        <TopLine Value="71"/>
        <CursorPos Y="91"/>
        <UsageCount Value="10"/>
        <DefaultSyntaxHighlighter Value="Delphi"/>
      </Unit93>
      <Unit94>
        <Filename Value="C:\lazarus\lcl\include\customform.inc"/>
        <TopLine Value="59"/>
        <CursorPos Y="79"/>
        <UsageCount Value="10"/>
        <DefaultSyntaxHighlighter Value="Delphi"/>
      </Unit94>
      <Unit95>
        <Filename Value="C:\lazarus\lcl\include\scrollingwincontrol.inc"/>
        <TopLine Value="224"/>
        <CursorPos X="2" Y="256"/>
        <UsageCount Value="10"/>
        <DefaultSyntaxHighlighter Value="Delphi"/>
      </Unit95>
      <Unit96>
        <Filename Value="C:\lazarus\lcl\include\customcontrol.inc"/>
        <TopLine Value="77"/>
        <CursorPos Y="97"/>
        <UsageCount Value="10"/>
        <DefaultSyntaxHighlighter Value="Delphi"/>
      </Unit96>
      <Unit97>
        <Filename Value="C:\lazarus\lcl\include\wincontrol.inc"/>
        <TopLine Value="7677"/>
        <CursorPos Y="7698"/>
        <UsageCount Value="10"/>
        <DefaultSyntaxHighlighter Value="Delphi"/>
      </Unit97>
      <Unit98>
        <Filename Value="C:\lazarus\lcl\include\control.inc"/>
        <TopLine Value="3625"/>
        <CursorPos Y="3640"/>
        <UsageCount Value="10"/>
        <DefaultSyntaxHighlighter Value="Delphi"/>
      </Unit98>
      <Unit99>
        <Filename Value="C:\lazarus\lcl\widgetset\wscontrols.pp"/>
        <UnitName Value="WSControls"/>
        <TopLine Value="429"/>
        <CursorPos Y="450"/>
        <UsageCount Value="10"/>
        <DefaultSyntaxHighlighter Value="Delphi"/>
      </Unit99>
      <Unit100>
        <Filename Value="C:\lazarus\lcl\interfaces\win32\win32wsfactory.pas"/>
        <UnitName Value="Win32WSFactory"/>
        <TopLine Value="123"/>
        <CursorPos Y="143"/>
        <UsageCount Value="10"/>
        <DefaultSyntaxHighlighter Value="Delphi"/>
      </Unit100>
      <Unit101>
        <Filename Value="C:\lazarus\lcl\widgetset\wslclclasses.pp"/>
        <UnitName Value="WSLCLClasses"/>
        <TopLine Value="393"/>
        <CursorPos Y="416"/>
        <UsageCount Value="10"/>
        <DefaultSyntaxHighlighter Value="Delphi"/>
      </Unit101>
      <Unit102>
        <Filename Value="KM_FormMain.lfm"/>
        <CursorPos X="40" Y="9"/>
        <UsageCount Value="10"/>
        <DefaultSyntaxHighlighter Value="LFM"/>
      </Unit102>
      <Unit103>
        <Filename Value="C:\lazarus\lcl\forms.pp"/>
        <UnitName Value="Forms"/>
        <EditorIndex Value="5"/>
        <TopLine Value="19"/>
        <CursorPos X="15" Y="63"/>
        <UsageCount Value="11"/>
        <Loaded Value="True"/>
      </Unit103>
      <Unit104>
        <Filename Value="C:\lazarus\lcl\lresources.pp"/>
        <UnitName Value="LResources"/>
        <TopLine Value="781"/>
        <CursorPos Y="802"/>
        <UsageCount Value="10"/>
        <DefaultSyntaxHighlighter Value="Delphi"/>
      </Unit104>
      <Unit105>
        <Filename Value="KM_FormLoading.pas"/>
        <IsPartOfProject Value="True"/>
        <ComponentName Value="FormLoading"/>
        <HasResources Value="True"/>
        <ResourceBaseClass Value="Form"/>
        <TopLine Value="16"/>
        <CursorPos X="62" Y="41"/>
        <UsageCount Value="27"/>
        <DefaultSyntaxHighlighter Value="Delphi"/>
      </Unit105>
      <Unit106>
        <Filename Value="KM_EventProcess.pas"/>
        <IsPartOfProject Value="True"/>
        <UsageCount Value="27"/>
        <DefaultSyntaxHighlighter Value="Delphi"/>
      </Unit106>
      <Unit107>
        <Filename Value="KM_HTTPClientLNet.pas"/>
        <IsPartOfProject Value="True"/>
        <UsageCount Value="27"/>
        <DefaultSyntaxHighlighter Value="Delphi"/>
      </Unit107>
      <Unit108>
        <Filename Value="KM_HTTPClientOverbyte.pas"/>
        <IsPartOfProject Value="True"/>
        <UsageCount Value="27"/>
        <DefaultSyntaxHighlighter Value="Delphi"/>
      </Unit108>
      <Unit109>
        <Filename Value="KM_Idea_Groups.pas"/>
        <IsPartOfProject Value="True"/>
        <UsageCount Value="27"/>
        <DefaultSyntaxHighlighter Value="Delphi"/>
      </Unit109>
      <Unit110>
        <Filename Value="KM_Maps.pas"/>
        <IsPartOfProject Value="True"/>
        <TopLine Value="516"/>
        <CursorPos X="41" Y="539"/>
        <UsageCount Value="27"/>
        <DefaultSyntaxHighlighter Value="Delphi"/>
      </Unit110>
      <Unit111>
        <Filename Value="KM_MapView.pas"/>
        <IsPartOfProject Value="True"/>
        <UsageCount Value="27"/>
        <DefaultSyntaxHighlighter Value="Delphi"/>
      </Unit111>
      <Unit112>
        <Filename Value="KM_NetClientLNet.pas"/>
        <IsPartOfProject Value="True"/>
        <UsageCount Value="27"/>
        <DefaultSyntaxHighlighter Value="Delphi"/>
      </Unit112>
      <Unit113>
        <Filename Value="KM_NetClientOverbyte.pas"/>
        <IsPartOfProject Value="True"/>
        <UsageCount Value="27"/>
        <DefaultSyntaxHighlighter Value="Delphi"/>
      </Unit113>
      <Unit114>
        <Filename Value="KM_NetServerOverbyte.pas"/>
        <IsPartOfProject Value="True"/>
        <UsageCount Value="27"/>
        <DefaultSyntaxHighlighter Value="Delphi"/>
      </Unit114>
      <Unit115>
        <Filename Value="KM_PerfLog.pas"/>
        <IsPartOfProject Value="True"/>
        <UsageCount Value="27"/>
        <DefaultSyntaxHighlighter Value="Delphi"/>
      </Unit115>
      <Unit116>
        <Filename Value="KM_RenderPool.pas"/>
        <IsPartOfProject Value="True"/>
        <TopLine Value="90"/>
        <CursorPos X="88" Y="90"/>
        <UsageCount Value="27"/>
        <DefaultSyntaxHighlighter Value="Delphi"/>
      </Unit116>
      <Unit117>
        <Filename Value="KM_PathFindingAStarOld.pas"/>
        <CursorPos X="34" Y="5"/>
        <UsageCount Value="10"/>
        <DefaultSyntaxHighlighter Value="Delphi"/>
      </Unit117>
      <Unit118>
        <Filename Value="Ext\LNet\lcommon.pp"/>
        <UnitName Value="lCommon"/>
        <TopLine Value="343"/>
        <CursorPos X="4" Y="358"/>
        <UsageCount Value="10"/>
        <DefaultSyntaxHighlighter Value="Delphi"/>
      </Unit118>
      <Unit119>
        <Filename Value="KM_RenderTerrain.pas"/>
        <TopLine Value="506"/>
        <CursorPos X="14" Y="521"/>
        <UsageCount Value="10"/>
        <DefaultSyntaxHighlighter Value="Delphi"/>
      </Unit119>
      <Unit120>
        <Filename Value="KM_Scripting.pas"/>
        <CursorPos X="18" Y="5"/>
        <UsageCount Value="11"/>
        <DefaultSyntaxHighlighter Value="Delphi"/>
      </Unit120>
      <Unit121>
        <Filename Value="Ext\pascalscript\Source\PascalScript.inc"/>
        <TopLine Value="36"/>
        <CursorPos X="25" Y="53"/>
        <UsageCount Value="11"/>
        <DefaultSyntaxHighlighter Value="Delphi"/>
      </Unit121>
      <Unit122>
        <Filename Value="Ext\pascalscript\Source\uPSCompiler.pas"/>
        <CursorPos Y="2"/>
        <UsageCount Value="10"/>
        <DefaultSyntaxHighlighter Value="Delphi"/>
      </Unit122>
      <Unit123>
        <Filename Value="C:\lazarus\fpc\2.6.0\source\rtl\objpas\classes\classesh.inc"/>
        <TopLine Value="567"/>
        <CursorPos X="15" Y="586"/>
        <UsageCount Value="10"/>
        <DefaultSyntaxHighlighter Value="Delphi"/>
      </Unit123>
      <Unit124>
        <Filename Value="C:\lazarus\fpc\2.6.0\source\rtl\objpas\classes\stringl.inc"/>
        <TopLine Value="495"/>
        <CursorPos X="10" Y="532"/>
        <UsageCount Value="10"/>
        <DefaultSyntaxHighlighter Value="Delphi"/>
      </Unit124>
      <Unit125>
        <Filename Value="Common\KM_PNG.pas"/>
        <TopLine Value="46"/>
        <CursorPos X="44" Y="64"/>
        <UsageCount Value="10"/>
        <DefaultSyntaxHighlighter Value="Delphi"/>
      </Unit125>
      <Unit126>
        <Filename Value="Utils\KM_FileIO.pas"/>
        <CursorPos X="3" Y="5"/>
        <UsageCount Value="11"/>
        <DefaultSyntaxHighlighter Value="Delphi"/>
      </Unit126>
      <Unit127>
        <Filename Value="KM_CommonTypes.pas"/>
        <CursorPos X="3" Y="17"/>
        <UsageCount Value="11"/>
        <DefaultSyntaxHighlighter Value="Delphi"/>
      </Unit127>
      <Unit128>
        <Filename Value="KM_GUIMenuLobby.pas"/>
        <TopLine Value="1410"/>
        <CursorPos X="38" Y="1440"/>
        <UsageCount Value="11"/>
        <DefaultSyntaxHighlighter Value="Delphi"/>
      </Unit128>
      <Unit129>
        <Filename Value="KM_GameApp.pas"/>
        <TopLine Value="107"/>
        <CursorPos Y="128"/>
        <UsageCount Value="11"/>
        <DefaultSyntaxHighlighter Value="Delphi"/>
      </Unit129>
      <Unit130>
        <Filename Value="KM_UnitGroups.pas"/>
        <TopLine Value="56"/>
        <CursorPos X="34" Y="74"/>
        <UsageCount Value="11"/>
        <DefaultSyntaxHighlighter Value="Delphi"/>
      </Unit130>
      <Unit131>
        <Filename Value="KM_PlayerSpectator.pas"/>
        <TopLine Value="27"/>
        <CursorPos Y="38"/>
        <UsageCount Value="10"/>
        <DefaultSyntaxHighlighter Value="Delphi"/>
      </Unit131>
      <Unit132>
        <Filename Value="KM_HouseMarket.pas"/>
        <TopLine Value="3"/>
        <CursorPos X="26" Y="22"/>
        <UsageCount Value="11"/>
        <DefaultSyntaxHighlighter Value="Delphi"/>
      </Unit132>
      <Unit133>
        <Filename Value="KM_Resolutions.pas"/>
        <TopLine Value="222"/>
        <CursorPos X="3" Y="228"/>
        <UsageCount Value="11"/>
        <DefaultSyntaxHighlighter Value="Delphi"/>
      </Unit133>
      <Unit134>
        <Filename Value="KM_PNG.pas"/>
        <TopLine Value="72"/>
        <CursorPos X="31" Y="86"/>
        <UsageCount Value="11"/>
        <DefaultSyntaxHighlighter Value="Delphi"/>
      </Unit134>
      <Unit135>
        <Filename Value="Ext\OBJLoader.pas"/>
        <TopLine Value="70"/>
        <CursorPos X="73" Y="94"/>
        <UsageCount Value="11"/>
        <DefaultSyntaxHighlighter Value="Delphi"/>
      </Unit135>
      <Unit136>
        <Filename Value="KM_TerrainPainter.pas"/>
        <TopLine Value="785"/>
        <CursorPos X="46" Y="812"/>
        <UsageCount Value="11"/>
        <DefaultSyntaxHighlighter Value="Delphi"/>
      </Unit136>
      <Unit137>
        <Filename Value="Ext\LNet\lws2tcpip.pp"/>
        <TopLine Value="14"/>
        <CursorPos X="24" Y="33"/>
        <UsageCount Value="11"/>
        <DefaultSyntaxHighlighter Value="Delphi"/>
      </Unit137>
      <Unit138>
        <Filename Value="KM_GUIMenuResultsMP.pas"/>
        <TopLine Value="64"/>
        <CursorPos X="3" Y="83"/>
        <UsageCount Value="11"/>
        <DefaultSyntaxHighlighter Value="Delphi"/>
      </Unit138>
      <Unit139>
        <Filename Value="KM_GUIMenuReplays.pas"/>
        <TopLine Value="7"/>
        <CursorPos X="28" Y="26"/>
        <UsageCount Value="11"/>
        <DefaultSyntaxHighlighter Value="Delphi"/>
      </Unit139>
      <Unit140>
        <Filename Value="KM_GUIMenuMultiplayer.pas"/>
        <TopLine Value="72"/>
        <CursorPos X="36" Y="91"/>
        <UsageCount Value="11"/>
        <DefaultSyntaxHighlighter Value="Delphi"/>
      </Unit140>
      <Unit141>
        <Filename Value="KM_GUIMenuMapEditor.pas"/>
        <TopLine Value="30"/>
        <CursorPos X="21" Y="49"/>
        <UsageCount Value="11"/>
        <DefaultSyntaxHighlighter Value="Delphi"/>
      </Unit141>
      <Unit142>
        <Filename Value="KM_HouseBarracks.pas"/>
        <TopLine Value="42"/>
        <CursorPos X="36" Y="48"/>
        <UsageCount Value="11"/>
        <DefaultSyntaxHighlighter Value="Delphi"/>
      </Unit142>
      <Unit143>
        <Filename Value="Ext\BGRABitmap\bgrafilters.pas"/>
        <UnitName Value="BGRAFilters"/>
        <TopLine Value="246"/>
        <CursorPos X="10" Y="261"/>
        <UsageCount Value="11"/>
        <DefaultSyntaxHighlighter Value="Delphi"/>
      </Unit143>
      <Unit144>
        <Filename Value="KM_ResFonts.pas"/>
        <TopLine Value="293"/>
        <CursorPos Y="315"/>
        <UsageCount Value="11"/>
        <DefaultSyntaxHighlighter Value="Delphi"/>
      </Unit144>
      <Unit145>
        <Filename Value="KM_ResTexts.pas"/>
        <UsageCount Value="11"/>
        <DefaultSyntaxHighlighter Value="Delphi"/>
      </Unit145>
      <Unit146>
        <Filename Value="C:\lazarus\fpc\2.6.2\source\rtl\objpas\strutils.pp"/>
        <TopLine Value="166"/>
        <UsageCount Value="11"/>
        <DefaultSyntaxHighlighter Value="Delphi"/>
      </Unit146>
      <Unit147>
        <Filename Value="Ext\KromUtils.pas"/>
        <TopLine Value="452"/>
        <CursorPos Y="470"/>
        <UsageCount Value="11"/>
        <DefaultSyntaxHighlighter Value="Delphi"/>
      </Unit147>
      <Unit148>
        <Filename Value="C:\lazarus\fpc\2.6.2\source\rtl\objpas\sysutils\sysinth.inc"/>
        <TopLine Value="9"/>
        <CursorPos X="75" Y="40"/>
        <UsageCount Value="10"/>
        <DefaultSyntaxHighlighter Value="Delphi"/>
      </Unit148>
      <Unit149>
        <Filename Value="KM_TerrainSelection.pas"/>
        <TopLine Value="44"/>
        <CursorPos X="38" Y="71"/>
        <UsageCount Value="10"/>
        <DefaultSyntaxHighlighter Value="Delphi"/>
      </Unit149>
      <Unit150>
        <Filename Value="Ext\URLUtils.pas"/>
        <CursorPos X="25" Y="9"/>
        <UsageCount Value="10"/>
        <DefaultSyntaxHighlighter Value="Delphi"/>
      </Unit150>
      <Unit151>
        <Filename Value="KM_GUIMenuMain.pas"/>
        <TopLine Value="24"/>
        <CursorPos X="17" Y="48"/>
        <UsageCount Value="10"/>
        <DefaultSyntaxHighlighter Value="Delphi"/>
      </Unit151>
      <Unit152>
        <Filename Value="Ext\pascalscript\Source\uPSRuntime.pas"/>
        <TopLine Value="9764"/>
        <CursorPos X="11" Y="9770"/>
        <UsageCount Value="10"/>
        <DefaultSyntaxHighlighter Value="Delphi"/>
      </Unit152>
      <Unit153>
        <Filename Value="KM_Minimap.pas"/>
        <TopLine Value="258"/>
        <CursorPos X="28" Y="283"/>
        <UsageCount Value="10"/>
        <DefaultSyntaxHighlighter Value="Delphi"/>
      </Unit153>
      <Unit154>
        <Filename Value="Ext\libZPlay.pas"/>
        <TopLine Value="902"/>
        <CursorPos X="142" Y="911"/>
        <UsageCount Value="10"/>
        <DefaultSyntaxHighlighter Value="Delphi"/>
      </Unit154>
      <Unit155>
        <Filename Value="src\KM_Main.pas"/>
        <TopLine Value="344"/>
        <CursorPos X="15" Y="366"/>
        <UsageCount Value="10"/>
        <DefaultSyntaxHighlighter Value="Delphi"/>
      </Unit155>
      <Unit156>
        <Filename Value="src\render\KM_RenderControl.pas"/>
        <EditorIndex Value="1"/>
        <CursorPos X="24" Y="12"/>
        <UsageCount Value="11"/>
        <Loaded Value="True"/>
        <DefaultSyntaxHighlighter Value="Delphi"/>
      </Unit156>
      <Unit157>
        <Filename Value="KaM_Remake.lpi"/>
        <EditorIndex Value="-1"/>
        <TopLine Value="676"/>
        <CursorPos X="32" Y="691"/>
        <UsageCount Value="10"/>
        <DefaultSyntaxHighlighter Value="XML"/>
      </Unit157>
      <Unit158>
        <Filename Value="src\KM_Settings.pas"/>
        <EditorIndex Value="2"/>
        <CursorPos X="58" Y="9"/>
        <UsageCount Value="11"/>
        <Loaded Value="True"/>
        <DefaultSyntaxHighlighter Value="Delphi"/>
      </Unit158>
      <Unit159>
        <Filename Value="src\utils\KM_Utils.pas"/>
        <EditorIndex Value="6"/>
        <TopLine Value="62"/>
        <CursorPos X="105" Y="61"/>
        <UsageCount Value="11"/>
        <Loaded Value="True"/>
        <DefaultSyntaxHighlighter Value="Delphi"/>
      </Unit159>
      <Unit160>
        <Filename Value="src\KM_FormMain.pas"/>
        <ComponentName Value="FormMain"/>
        <HasResources Value="True"/>
        <ResourceBaseClass Value="Form"/>
        <IsVisibleTab Value="True"/>
        <EditorIndex Value="4"/>
        <TopLine Value="771"/>
        <CursorPos X="46" Y="777"/>
        <UsageCount Value="11"/>
        <Loaded Value="True"/>
        <LoadedDesigner Value="True"/>
        <DefaultSyntaxHighlighter Value="Delphi"/>
      </Unit160>
      <Unit161>
        <Filename Value="src\KM_Sound.pas"/>
        <EditorIndex Value="3"/>
        <TopLine Value="120"/>
        <CursorPos X="21" Y="133"/>
        <UsageCount Value="11"/>
        <Loaded Value="True"/>
        <DefaultSyntaxHighlighter Value="Delphi"/>
      </Unit161>
      <Unit162>
        <Filename Value="src\houses\KM_HouseCollection.pas"/>
        <EditorIndex Value="7"/>
        <TopLine Value="31"/>
        <CursorPos X="38" Y="44"/>
        <UsageCount Value="11"/>
        <Loaded Value="True"/>
        <DefaultSyntaxHighlighter Value="Delphi"/>
      </Unit162>
      <Unit163>
        <Filename Value="src\ext\pascalscript\Source\uPSRuntime.pas"/>
        <EditorIndex Value="8"/>
        <TopLine Value="9376"/>
        <CursorPos X="67" Y="9386"/>
        <UsageCount Value="11"/>
        <Loaded Value="True"/>
        <DefaultSyntaxHighlighter Value="Delphi"/>
      </Unit163>
      <Unit164>
        <Filename Value="src\net\KM_NetServer.pas"/>
        <EditorIndex Value="9"/>
        <TopLine Value="308"/>
        <CursorPos X="47" Y="321"/>
        <UsageCount Value="11"/>
        <Loaded Value="True"/>
        <DefaultSyntaxHighlighter Value="Delphi"/>
      </Unit164>
      <Unit165>
        <Filename Value="src\net\KM_NetServerLNet.pas"/>
        <EditorIndex Value="10"/>
        <TopLine Value="18"/>
        <CursorPos X="49" Y="26"/>
        <UsageCount Value="11"/>
        <Loaded Value="True"/>
        <DefaultSyntaxHighlighter Value="Delphi"/>
      </Unit165>
      <Unit166>
        <Filename Value="src\net\KM_NetUDP.pas"/>
        <EditorIndex Value="11"/>
        <TopLine Value="77"/>
        <CursorPos X="50" Y="86"/>
        <UsageCount Value="11"/>
        <Loaded Value="True"/>
        <DefaultSyntaxHighlighter Value="Delphi"/>
      </Unit166>
      <Unit167>
        <Filename Value="src\gui\pages_menu\KM_GUIMenuMultiplayer.pas"/>
        <EditorIndex Value="12"/>
        <TopLine Value="726"/>
        <CursorPos X="57" Y="737"/>
        <UsageCount Value="11"/>
        <Loaded Value="True"/>
        <DefaultSyntaxHighlighter Value="Delphi"/>
      </Unit167>
      <Unit168>
        <Filename Value="src\game\KM_GameApp.pas"/>
        <EditorIndex Value="14"/>
        <TopLine Value="502"/>
        <CursorPos X="70" Y="513"/>
        <UsageCount Value="11"/>
        <Loaded Value="True"/>
        <DefaultSyntaxHighlighter Value="Delphi"/>
      </Unit168>
      <Unit169>
        <Filename Value="src\game\KM_Game.pas"/>
        <EditorIndex Value="13"/>
        <TopLine Value="1316"/>
        <CursorPos X="53" Y="1330"/>
        <UsageCount Value="11"/>
        <Loaded Value="True"/>
        <DefaultSyntaxHighlighter Value="Delphi"/>
      </Unit169>
    </Units>
    <JumpHistory Count="30" HistoryIndex="29">
      <Position1>
        <Filename Value="src\KM_Sound.pas"/>
      </Position1>
      <Position2>
        <Filename Value="src\houses\KM_HouseCollection.pas"/>
      </Position2>
      <Position3>
        <Filename Value="src\ext\pascalscript\Source\uPSRuntime.pas"/>
      </Position3>
      <Position4>
        <Filename Value="src\net\KM_NetServer.pas"/>
      </Position4>
      <Position5>
        <Filename Value="src\net\KM_NetServer.pas"/>
        <Caret Line="321" Column="43" TopLine="308"/>
      </Position5>
      <Position6>
        <Filename Value="src\net\KM_NetServer.pas"/>
        <Caret Line="435" Column="37" TopLine="420"/>
      </Position6>
      <Position7>
        <Filename Value="src\net\KM_NetServer.pas"/>
        <Caret Line="321" Column="47" TopLine="308"/>
      </Position7>
      <Position8>
        <Filename Value="src\net\KM_NetServerLNet.pas"/>
        <Caret Line="59" Column="14" TopLine="47"/>
      </Position8>
      <Position9>
        <Filename Value="src\net\KM_NetServerLNet.pas"/>
        <Caret Line="40" Column="5" TopLine="27"/>
      </Position9>
      <Position10>
        <Filename Value="src\net\KM_NetUDP.pas"/>
      </Position10>
      <Position11>
        <Filename Value="src\gui\pages_menu\KM_GUIMenuMultiplayer.pas"/>
      </Position11>
      <Position12>
        <Filename Value="src\game\KM_GameApp.pas"/>
      </Position12>
      <Position13>
        <Filename Value="src\game\KM_GameApp.pas"/>
        <Caret Line="514" Column="37" TopLine="501"/>
      </Position13>
      <Position14>
        <Filename Value="src\game\KM_GameApp.pas"/>
        <Caret Line="513" Column="77" TopLine="501"/>
      </Position14>
      <Position15>
        <Filename Value="src\game\KM_GameApp.pas"/>
        <Caret Line="505" Column="15" TopLine="501"/>
      </Position15>
      <Position16>
        <Filename Value="src\game\KM_GameApp.pas"/>
        <Caret Line="580" Column="73" TopLine="569"/>
      </Position16>
      <Position17>
        <Filename Value="src\gui\pages_menu\KM_GUIMenuMultiplayer.pas"/>
        <Caret Line="10" Column="41"/>
      </Position17>
      <Position18>
        <Filename Value="src\gui\pages_menu\KM_GUIMenuMultiplayer.pas"/>
        <Caret Line="388" Column="34" TopLine="372"/>
      </Position18>
      <Position19>
        <Filename Value="src\game\KM_Game.pas"/>
      </Position19>
      <Position20>
        <Filename Value="src\KM_FormMain.pas"/>
        <Caret Line="12" Column="35" TopLine="4"/>
      </Position20>
      <Position21>
        <Filename Value="src\utils\KM_Utils.pas"/>
        <Caret Line="852" Column="41" TopLine="845"/>
      </Position21>
      <Position22>
        <Filename Value="src\utils\KM_Utils.pas"/>
        <Caret Line="814" Column="70" TopLine="800"/>
      </Position22>
      <Position23>
        <Filename Value="src\utils\KM_Utils.pas"/>
        <Caret Line="813" Column="30" TopLine="800"/>
      </Position23>
      <Position24>
        <Filename Value="src\utils\KM_Utils.pas"/>
        <Caret Line="814" Column="44" TopLine="800"/>
      </Position24>
      <Position25>
        <Filename Value="src\utils\KM_Utils.pas"/>
        <Caret Line="809" Column="53" TopLine="800"/>
      </Position25>
      <Position26>
        <Filename Value="src\utils\KM_Utils.pas"/>
        <Caret Line="810" Column="24" TopLine="788"/>
      </Position26>
      <Position27>
        <Filename Value="src\utils\KM_Utils.pas"/>
        <Caret Line="74" Column="33" TopLine="62"/>
      </Position27>
      <Position28>
        <Filename Value="src\utils\KM_Utils.pas"/>
        <Caret Line="814" Column="42" TopLine="800"/>
      </Position28>
      <Position29>
        <Filename Value="src\utils\KM_Utils.pas"/>
        <Caret Line="810" Column="53" TopLine="800"/>
      </Position29>
      <Position30>
        <Filename Value="src\utils\KM_Utils.pas"/>
        <Caret Line="75" Column="67" TopLine="62"/>
      </Position30>
    </JumpHistory>
  </ProjectOptions>
  <CompilerOptions>
    <Version Value="11"/>
    <PathDelim Value="\"/>
    <SearchPaths>
      <IncludeFiles Value="src;src\ext;src\ext\pngimage;src\ext\BGRABitmap;src\ext\LNet;src\ext\pascalscript\Source;src\ext\OggVorbis;src\ext\LazarusOpenGL;$(ProjOutDir)"/>
      <Libraries Value="src;src\ext"/>
      <OtherUnitFiles Value="src;src\ext;src\ext\pngimage;src\ext\BGRABitmap;src\ext\LNet;src\ext\pascalscript\Source;src\ext\OggVorbis;src\ext\LazarusOpenGL"/>
      <ObjectPath Value="Ext"/>
    </SearchPaths>
    <Parsing>
      <SyntaxOptions>
        <SyntaxMode Value="Delphi"/>
        <IncludeAssertionCode Value="True"/>
        <AllowLabel Value="False"/>
      </SyntaxOptions>
    </Parsing>
    <CodeGeneration>
      <Checks>
        <IOChecks Value="True"/>
        <RangeChecks Value="True"/>
        <OverflowChecks Value="True"/>
        <StackChecks Value="True"/>
      </Checks>
    </CodeGeneration>
    <Linking>
      <Options>
        <Win32>
          <GraphicApplication Value="True"/>
        </Win32>
      </Options>
    </Linking>
    <Other>
      <Verbosity>
        <ShowHints Value="False"/>
      </Verbosity>
      <CompilerMessages>
        <IgnoredMessages idx4056="True" idx4055="True"/>
      </CompilerMessages>
    </Other>
  </CompilerOptions>
  <Debugging>
    <Watches Count="1">
      <Item1>
        <Expression Value="libTxt"/>
      </Item1>
    </Watches>
    <Exceptions Count="3">
      <Item1>
        <Name Value="EAbort"/>
      </Item1>
      <Item2>
        <Name Value="ECodetoolError"/>
      </Item2>
      <Item3>
        <Name Value="EFOpenError"/>
      </Item3>
    </Exceptions>
  </Debugging>
</CONFIG>
