<?xml version="1.0"?>
<CONFIG>
  <ProjectOptions>
    <PathDelim Value="\"/>
    <Version Value="7"/>
    <General>
      <MainUnit Value="0"/>
      <TargetFileExt Value=".exe"/>
      <Icon Value="0"/>
      <UseXPManifest Value="True"/>
      <ActiveEditorIndexAtStart Value="1"/>
    </General>
    <VersionInfo>
      <ProjectVersion Value=""/>
      <Language Value=""/>
      <CharSet Value=""/>
    </VersionInfo>
    <PublishOptions>
      <Version Value="2"/>
      <IgnoreBinaries Value="False"/>
      <IncludeFileFilter Value="*.(pas|pp|inc|lfm|lpr|lrs|lpi|lpk|sh|xml)"/>
      <ExcludeFileFilter Value="*.(bak|ppu|ppw|o|so);*~;backup"/>
    </PublishOptions>
    <RunParams>
      <local>
        <FormatVersion Value="1"/>
        <LaunchingApplication PathPlusParams="/usr/X11R6/bin/xterm -T 'Lazarus Run Output' -e $(LazarusDir)/tools/runwait.sh $(TargetCmdLine)"/>
      </local>
    </RunParams>
    <RequiredPackages Count="1">
      <Item1>
        <PackageName Value="LCL"/>
      </Item1>
    </RequiredPackages>
    <Units Count="6">
      <Unit0>
        <Filename Value="FontEditor.lpr"/>
        <IsPartOfProject Value="True"/>
        <CursorPos X="15" Y="15"/>
        <TopLine Value="1"/>
        <EditorIndex Value="0"/>
        <UsageCount Value="27"/>
        <Loaded Value="True"/>
      </Unit0>
      <Unit1>
        <Filename Value="umain.pas"/>
        <IsPartOfProject Value="True"/>
        <ComponentName Value="frmMain"/>
        <HasResources Value="True"/>
        <ResourceBaseClass Value="Form"/>
        <UnitName Value="umain"/>
        <CursorPos X="1" Y="331"/>
        <TopLine Value="319"/>
        <EditorIndex Value="1"/>
        <UsageCount Value="27"/>
        <Loaded Value="True"/>
      </Unit1>
      <Unit2>
        <Filename Value="..\..\..\..\Lazarus\lcl\interfaces\win32\win32listsl.inc"/>
        <CursorPos X="27" Y="160"/>
        <TopLine Value="143"/>
        <UsageCount Value="9"/>
      </Unit2>
      <Unit3>
        <Filename Value="Constants.pas"/>
        <UnitName Value="Constants"/>
        <CursorPos X="104" Y="34"/>
        <TopLine Value="1"/>
        <EditorIndex Value="2"/>
        <UsageCount Value="14"/>
        <Loaded Value="True"/>
      </Unit3>
      <Unit4>
        <Filename Value="..\..\Common\KM_TGATexture.pas"/>
        <UnitName Value="KM_TGATexture"/>
        <CursorPos X="1" Y="1"/>
        <TopLine Value="1"/>
        <UsageCount Value="9"/>
      </Unit4>
      <Unit5>
        <Filename Value="..\..\..\..\Lazarus\lcl\include\winapih.inc"/>
        <CursorPos X="125" Y="175"/>
        <TopLine Value="155"/>
        <UsageCount Value="9"/>
      </Unit5>
    </Units>
    <JumpHistory Count="30" HistoryIndex="29">
      <Position1>
        <Filename Value="Constants.pas"/>
        <Caret Line="40" Column="1" TopLine="1"/>
      </Position1>
      <Position2>
        <Filename Value="umain.pas"/>
        <Caret Line="28" Column="17" TopLine="109"/>
      </Position2>
      <Position3>
        <Filename Value="Constants.pas"/>
        <Caret Line="7" Column="13" TopLine="1"/>
      </Position3>
      <Position4>
        <Filename Value="umain.pas"/>
        <Caret Line="7" Column="99" TopLine="1"/>
      </Position4>
      <Position5>
        <Filename Value="Constants.pas"/>
        <Caret Line="28" Column="1" TopLine="1"/>
      </Position5>
      <Position6>
        <Filename Value="umain.pas"/>
        <Caret Line="168" Column="19" TopLine="161"/>
      </Position6>
      <Position7>
        <Filename Value="umain.pas"/>
        <Caret Line="1" Column="1" TopLine="1"/>
      </Position7>
      <Position8>
        <Filename Value="umain.pas"/>
        <Caret Line="101" Column="98" TopLine="81"/>
      </Position8>
      <Position9>
        <Filename Value="umain.pas"/>
        <Caret Line="101" Column="93" TopLine="81"/>
      </Position9>
      <Position10>
        <Filename Value="umain.pas"/>
        <Caret Line="6" Column="78" TopLine="6"/>
      </Position10>
      <Position11>
        <Filename Value="umain.pas"/>
        <Caret Line="101" Column="58" TopLine="81"/>
      </Position11>
      <Position12>
        <Filename Value="umain.pas"/>
        <Caret Line="138" Column="1" TopLine="88"/>
      </Position12>
      <Position13>
        <Filename Value="umain.pas"/>
        <Caret Line="216" Column="6" TopLine="202"/>
      </Position13>
      <Position14>
        <Filename Value="umain.pas"/>
        <Caret Line="294" Column="24" TopLine="279"/>
      </Position14>
      <Position15>
        <Filename Value="umain.pas"/>
        <Caret Line="297" Column="1" TopLine="270"/>
      </Position15>
      <Position16>
        <Filename Value="umain.pas"/>
        <Caret Line="104" Column="3" TopLine="102"/>
      </Position16>
      <Position17>
        <Filename Value="umain.pas"/>
        <Caret Line="297" Column="1" TopLine="288"/>
      </Position17>
      <Position18>
        <Filename Value="umain.pas"/>
        <Caret Line="107" Column="28" TopLine="102"/>
      </Position18>
      <Position19>
        <Filename Value="umain.pas"/>
        <Caret Line="287" Column="38" TopLine="268"/>
      </Position19>
      <Position20>
        <Filename Value="umain.pas"/>
        <Caret Line="288" Column="38" TopLine="268"/>
      </Position20>
      <Position21>
        <Filename Value="umain.pas"/>
        <Caret Line="287" Column="38" TopLine="268"/>
      </Position21>
      <Position22>
        <Filename Value="umain.pas"/>
        <Caret Line="280" Column="32" TopLine="268"/>
      </Position22>
      <Position23>
        <Filename Value="umain.pas"/>
        <Caret Line="236" Column="70" TopLine="223"/>
      </Position23>
      <Position24>
        <Filename Value="umain.pas"/>
        <Caret Line="377" Column="1" TopLine="372"/>
      </Position24>
      <Position25>
        <Filename Value="umain.pas"/>
        <Caret Line="391" Column="94" TopLine="372"/>
      </Position25>
      <Position26>
        <Filename Value="umain.pas"/>
        <Caret Line="1" Column="1" TopLine="1"/>
      </Position26>
      <Position27>
        <Filename Value="umain.pas"/>
        <Caret Line="386" Column="36" TopLine="371"/>
      </Position27>
      <Position28>
        <Filename Value="umain.pas"/>
        <Caret Line="303" Column="11" TopLine="297"/>
      </Position28>
      <Position29>
        <Filename Value="umain.pas"/>
        <Caret Line="252" Column="37" TopLine="224"/>
      </Position29>
      <Position30>
        <Filename Value="umain.pas"/>
        <Caret Line="343" Column="6" TopLine="316"/>
      </Position30>
    </JumpHistory>
  </ProjectOptions>
  <CompilerOptions>
    <Version Value="8"/>
    <PathDelim Value="\"/>
    <SearchPaths>
      <IncludeFiles Value="..\..\ Common \"/>
      <OtherUnitFiles Value="..\..\ Common \"/>
    </SearchPaths>
    <Other>
      <CompilerPath Value="$(CompPath)"/>
    </Other>
  </CompilerOptions>
  <Debugging>
    <Exceptions Count="3">
      <Item1>
        <Name Value="EAbort"/>
      </Item1>
      <Item2>
        <Name Value="ECodetoolError"/>
      </Item2>
      <Item3>
        <Name Value="EFOpenError"/>
      </Item3>
    </Exceptions>
  </Debugging>
</CONFIG>
