<?xml version="1.0"?>
<CONFIG>
  <ProjectOptions>
    <PathDelim Value="\"/>
    <Version Value="7"/>
    <General>
      <MainUnit Value="0"/>
      <TargetFileExt Value=".exe"/>
      <Icon Value="0"/>
      <UseXPManifest Value="True"/>
      <ActiveEditorIndexAtStart Value="1"/>
    </General>
    <VersionInfo>
      <ProjectVersion Value=""/>
      <Language Value=""/>
      <CharSet Value=""/>
    </VersionInfo>
    <PublishOptions>
      <Version Value="2"/>
      <IgnoreBinaries Value="False"/>
      <IncludeFileFilter Value="*.(pas|pp|inc|lfm|lpr|lrs|lpi|lpk|sh|xml)"/>
      <ExcludeFileFilter Value="*.(bak|ppu|ppw|o|so);*~;backup"/>
    </PublishOptions>
    <RunParams>
      <local>
        <FormatVersion Value="1"/>
        <LaunchingApplication PathPlusParams="/usr/X11R6/bin/xterm -T 'Lazarus Run Output' -e $(LazarusDir)/tools/runwait.sh $(TargetCmdLine)"/>
      </local>
    </RunParams>
    <RequiredPackages Count="1">
      <Item1>
        <PackageName Value="LCL"/>
      </Item1>
    </RequiredPackages>
    <Units Count="15">
      <Unit0>
        <Filename Value="FontEditor.lpr"/>
        <IsPartOfProject Value="True"/>
        <CursorPos X="119" Y="2"/>
        <TopLine Value="1"/>
        <EditorIndex Value="0"/>
        <UsageCount Value="54"/>
        <Loaded Value="True"/>
      </Unit0>
      <Unit1>
        <Filename Value="umain.pas"/>
        <IsPartOfProject Value="True"/>
        <ComponentName Value="frmMain"/>
        <HasResources Value="True"/>
        <ResourceBaseClass Value="Form"/>
        <UnitName Value="umain"/>
        <CursorPos X="1" Y="209"/>
        <TopLine Value="192"/>
        <EditorIndex Value="1"/>
        <UsageCount Value="54"/>
        <Loaded Value="True"/>
      </Unit1>
      <Unit2>
        <Filename Value="..\..\..\..\Lazarus\lcl\interfaces\win32\win32listsl.inc"/>
        <CursorPos X="1" Y="163"/>
        <TopLine Value="146"/>
        <UsageCount Value="10"/>
      </Unit2>
      <Unit3>
        <Filename Value="Constants.pas"/>
        <UnitName Value="Constants"/>
        <CursorPos X="44" Y="21"/>
        <TopLine Value="1"/>
        <EditorIndex Value="2"/>
        <UsageCount Value="26"/>
        <Loaded Value="True"/>
      </Unit3>
      <Unit4>
        <Filename Value="..\..\Common\KM_TGATexture.pas"/>
        <UnitName Value="KM_TGATexture"/>
        <CursorPos X="1" Y="1"/>
        <TopLine Value="1"/>
        <UsageCount Value="7"/>
      </Unit4>
      <Unit5>
        <Filename Value="..\..\..\..\Lazarus\lcl\include\winapih.inc"/>
        <CursorPos X="125" Y="175"/>
        <TopLine Value="155"/>
        <UsageCount Value="7"/>
      </Unit5>
      <Unit6>
        <Filename Value="umain.lfm"/>
        <CursorPos X="1" Y="1"/>
        <TopLine Value="1"/>
        <UsageCount Value="22"/>
        <SyntaxHighlighter Value="LFM"/>
      </Unit6>
      <Unit7>
        <Filename Value="..\..\ Common \KromUtils.pas"/>
        <UnitName Value="KromUtils"/>
        <CursorPos X="6" Y="418"/>
        <TopLine Value="418"/>
        <EditorIndex Value="3"/>
        <UsageCount Value="18"/>
        <Loaded Value="True"/>
      </Unit7>
      <Unit8>
        <Filename Value="..\..\..\wr-toolkit\_Common_\kromUtils.pas"/>
        <UnitName Value="KromUtils"/>
        <CursorPos X="1" Y="572"/>
        <TopLine Value="551"/>
        <UsageCount Value="8"/>
      </Unit8>
      <Unit9>
        <Filename Value="..\..\..\..\Lazarus\lcl\stdctrls.pp"/>
        <UnitName Value="StdCtrls"/>
        <CursorPos X="20" Y="745"/>
        <TopLine Value="727"/>
        <UsageCount Value="11"/>
      </Unit9>
      <Unit10>
        <Filename Value="..\..\..\..\Lazarus\lcl\controls.pp"/>
        <UnitName Value="Controls"/>
        <CursorPos X="18" Y="1128"/>
        <TopLine Value="1121"/>
        <UsageCount Value="10"/>
      </Unit10>
      <Unit11>
        <Filename Value="..\..\..\..\Lazarus\fpc\2.2.4\source\rtl\objpas\strutils.pp"/>
        <UnitName Value="strutils"/>
        <CursorPos X="1" Y="367"/>
        <TopLine Value="334"/>
        <UsageCount Value="10"/>
      </Unit11>
      <Unit12>
        <Filename Value="..\..\..\..\Lazarus\lcl\include\control.inc"/>
        <CursorPos X="1" Y="1"/>
        <TopLine Value="1"/>
        <UsageCount Value="10"/>
      </Unit12>
      <Unit13>
        <Filename Value="..\..\..\..\Lazarus\fpc\2.2.4\source\rtl\win\wininc\func.inc"/>
        <CursorPos X="1" Y="944"/>
        <TopLine Value="927"/>
        <UsageCount Value="11"/>
      </Unit13>
      <Unit14>
        <Filename Value="..\..\..\..\Lazarus\fpc\2.2.4\source\rtl\inc\systemh.inc"/>
        <CursorPos X="3" Y="224"/>
        <TopLine Value="207"/>
        <UsageCount Value="10"/>
      </Unit14>
    </Units>
    <JumpHistory Count="30" HistoryIndex="29">
      <Position1>
        <Filename Value="umain.pas"/>
        <Caret Line="351" Column="9" TopLine="334"/>
      </Position1>
      <Position2>
        <Filename Value="umain.pas"/>
        <Caret Line="350" Column="21" TopLine="342"/>
      </Position2>
      <Position3>
        <Filename Value="umain.pas"/>
        <Caret Line="351" Column="7" TopLine="334"/>
      </Position3>
      <Position4>
        <Filename Value="umain.pas"/>
        <Caret Line="7" Column="67" TopLine="1"/>
      </Position4>
      <Position5>
        <Filename Value="umain.pas"/>
        <Caret Line="351" Column="18" TopLine="334"/>
      </Position5>
      <Position6>
        <Filename Value="umain.pas"/>
        <Caret Line="7" Column="57" TopLine="1"/>
      </Position6>
      <Position7>
        <Filename Value="umain.pas"/>
        <Caret Line="348" Column="28" TopLine="331"/>
      </Position7>
      <Position8>
        <Filename Value="umain.pas"/>
        <Caret Line="349" Column="46" TopLine="331"/>
      </Position8>
      <Position9>
        <Filename Value="umain.pas"/>
        <Caret Line="348" Column="25" TopLine="331"/>
      </Position9>
      <Position10>
        <Filename Value="umain.pas"/>
        <Caret Line="173" Column="36" TopLine="170"/>
      </Position10>
      <Position11>
        <Filename Value="umain.pas"/>
        <Caret Line="198" Column="9" TopLine="171"/>
      </Position11>
      <Position12>
        <Filename Value="umain.pas"/>
        <Caret Line="181" Column="37" TopLine="428"/>
      </Position12>
      <Position13>
        <Filename Value="umain.pas"/>
        <Caret Line="207" Column="22" TopLine="191"/>
      </Position13>
      <Position14>
        <Filename Value="umain.pas"/>
        <Caret Line="519" Column="8" TopLine="500"/>
      </Position14>
      <Position15>
        <Filename Value="umain.pas"/>
        <Caret Line="520" Column="8" TopLine="500"/>
      </Position15>
      <Position16>
        <Filename Value="umain.pas"/>
        <Caret Line="359" Column="68" TopLine="343"/>
      </Position16>
      <Position17>
        <Filename Value="umain.pas"/>
        <Caret Line="8" Column="80" TopLine="1"/>
      </Position17>
      <Position18>
        <Filename Value="Constants.pas"/>
        <Caret Line="29" Column="36" TopLine="8"/>
      </Position18>
      <Position19>
        <Filename Value="umain.pas"/>
        <Caret Line="17" Column="45" TopLine="1"/>
      </Position19>
      <Position20>
        <Filename Value="umain.pas"/>
        <Caret Line="201" Column="21" TopLine="185"/>
      </Position20>
      <Position21>
        <Filename Value="umain.pas"/>
        <Caret Line="197" Column="100" TopLine="185"/>
      </Position21>
      <Position22>
        <Filename Value="umain.pas"/>
        <Caret Line="18" Column="66" TopLine="1"/>
      </Position22>
      <Position23>
        <Filename Value="umain.pas"/>
        <Caret Line="13" Column="99" TopLine="1"/>
      </Position23>
      <Position24>
        <Filename Value="umain.pas"/>
        <Caret Line="17" Column="99" TopLine="1"/>
      </Position24>
      <Position25>
        <Filename Value="umain.pas"/>
        <Caret Line="206" Column="33" TopLine="199"/>
      </Position25>
      <Position26>
        <Filename Value="umain.pas"/>
        <Caret Line="12" Column="38" TopLine="1"/>
      </Position26>
      <Position27>
        <Filename Value="umain.pas"/>
        <Caret Line="372" Column="65" TopLine="347"/>
      </Position27>
      <Position28>
        <Filename Value="umain.pas"/>
        <Caret Line="18" Column="21" TopLine="1"/>
      </Position28>
      <Position29>
        <Filename Value="umain.pas"/>
        <Caret Line="207" Column="42" TopLine="190"/>
      </Position29>
      <Position30>
        <Filename Value="umain.pas"/>
        <Caret Line="206" Column="42" TopLine="190"/>
      </Position30>
    </JumpHistory>
  </ProjectOptions>
  <CompilerOptions>
    <Version Value="8"/>
    <PathDelim Value="\"/>
    <SearchPaths>
      <IncludeFiles Value="..\..\ Common \"/>
      <OtherUnitFiles Value="..\..\ Common \"/>
    </SearchPaths>
    <Other>
      <CompilerPath Value="$(CompPath)"/>
    </Other>
  </CompilerOptions>
  <Debugging>
    <Exceptions Count="3">
      <Item1>
        <Name Value="EAbort"/>
      </Item1>
      <Item2>
        <Name Value="ECodetoolError"/>
      </Item2>
      <Item3>
        <Name Value="EFOpenError"/>
      </Item3>
    </Exceptions>
  </Debugging>
</CONFIG>
