<?xml version="1.0"?>
<CONFIG>
  <ProjectOptions>
    <Version Value="9"/>
    <PathDelim Value="\"/>
    <General>
      <MainUnit Value="0"/>
      <ResourceType Value="res"/>
      <UseXPManifest Value="True"/>
      <ActiveWindowIndexAtStart Value="0"/>
    </General>
    <i18n>
      <EnableI18N LFM="False"/>
    </i18n>
    <VersionInfo>
      <StringTable ProductVersion=""/>
    </VersionInfo>
    <BuildModes Count="1" Active="Default">
      <Item1 Name="Default" Default="True"/>
    </BuildModes>
    <PublishOptions>
      <Version Value="2"/>
      <IncludeFileFilter Value="*.(pas|pp|inc|lfm|dpr|lpr|lrs|lpi|lpk|sh|xml)"/>
      <ExcludeFileFilter Value="*.(bak|ppu|o|so);*~;backup"/>
    </PublishOptions>
    <RunParams>
      <local>
        <FormatVersion Value="1"/>
      </local>
    </RunParams>
    <RequiredPackages Count="1">
      <Item1>
        <PackageName Value="LCL"/>
      </Item1>
    </RequiredPackages>
    <Units Count="24">
      <Unit0>
        <Filename Value="KaM_DedicatedServerGUI.dpr"/>
        <IsPartOfProject Value="True"/>
        <UnitName Value="KaM_DedicatedServerGUI"/>
        <EditorIndex Value="1"/>
        <WindowIndex Value="0"/>
        <TopLine Value="1"/>
        <CursorPos X="1" Y="17"/>
        <UsageCount Value="61"/>
        <Loaded Value="True"/>
        <DefaultSyntaxHighlighter Value="Delphi"/>
      </Unit0>
      <Unit1>
        <Filename Value="unitmain.pas"/>
        <IsPartOfProject Value="True"/>
        <ComponentName Value="FormMain"/>
        <ResourceBaseClass Value="Form"/>
        <UnitName Value="UnitMain"/>
        <IsVisibleTab Value="True"/>
        <EditorIndex Value="0"/>
        <WindowIndex Value="0"/>
        <TopLine Value="286"/>
        <CursorPos X="27" Y="226"/>
        <UsageCount Value="61"/>
        <Loaded Value="True"/>
        <LoadedDesigner Value="True"/>
        <DefaultSyntaxHighlighter Value="Delphi"/>
      </Unit1>
      <Unit2>
        <Filename Value="..\..\KM_DedicatedServer.pas"/>
        <UnitName Value="KM_DedicatedServer"/>
        <WindowIndex Value="0"/>
        <TopLine Value="111"/>
        <CursorPos X="1" Y="124"/>
        <UsageCount Value="14"/>
        <DefaultSyntaxHighlighter Value="Delphi"/>
      </Unit2>
      <Unit3>
        <Filename Value="..\..\KM_Log.pas"/>
        <UnitName Value="KM_Log"/>
        <WindowIndex Value="0"/>
        <TopLine Value="15"/>
        <CursorPos X="63" Y="26"/>
        <UsageCount Value="17"/>
        <DefaultSyntaxHighlighter Value="Delphi"/>
      </Unit3>
      <Unit4>
        <Filename Value="..\..\KM_Settings.pas"/>
        <UnitName Value="KM_Settings"/>
        <WindowIndex Value="0"/>
        <TopLine Value="260"/>
        <CursorPos X="10" Y="278"/>
        <UsageCount Value="18"/>
        <DefaultSyntaxHighlighter Value="Delphi"/>
      </Unit4>
      <Unit5>
        <Filename Value="KM_ServerEventHandlerGUI.pas"/>
        <UnitName Value="KM_ServerEventHandlerGUI"/>
        <WindowIndex Value="0"/>
        <TopLine Value="1"/>
        <CursorPos X="27" Y="1"/>
        <UsageCount Value="20"/>
        <DefaultSyntaxHighlighter Value="Delphi"/>
      </Unit5>
      <Unit6>
        <Filename Value="..\..\KM_MasterServer.pas"/>
        <UnitName Value="KM_MasterServer"/>
        <WindowIndex Value="0"/>
        <TopLine Value="34"/>
        <CursorPos X="46" Y="23"/>
        <UsageCount Value="9"/>
        <DefaultSyntaxHighlighter Value="Delphi"/>
      </Unit6>
      <Unit7>
        <Filename Value="KM_ServerEventHandler.pas"/>
        <UnitName Value="KM_ServerEventHandler"/>
        <WindowIndex Value="0"/>
        <TopLine Value="1"/>
        <CursorPos X="1" Y="46"/>
        <UsageCount Value="8"/>
        <DefaultSyntaxHighlighter Value="Delphi"/>
      </Unit7>
      <Unit8>
        <Filename Value="..\..\KM_NetServerLNet.pas"/>
        <UnitName Value="KM_NetServerLNet"/>
        <WindowIndex Value="0"/>
        <TopLine Value="67"/>
        <CursorPos X="1" Y="83"/>
        <UsageCount Value="9"/>
        <DefaultSyntaxHighlighter Value="Delphi"/>
      </Unit8>
      <Unit9>
        <Filename Value="..\..\KM_NetServer.pas"/>
        <UnitName Value="KM_NetServer"/>
        <WindowIndex Value="0"/>
        <TopLine Value="328"/>
        <CursorPos X="15" Y="334"/>
        <UsageCount Value="12"/>
        <DefaultSyntaxHighlighter Value="Delphi"/>
      </Unit9>
      <Unit10>
        <Filename Value="..\..\KM_EventProcess.pas"/>
        <UnitName Value="KM_EventProcess"/>
        <WindowIndex Value="0"/>
        <TopLine Value="371"/>
        <CursorPos X="1" Y="1"/>
        <UsageCount Value="9"/>
        <DefaultSyntaxHighlighter Value="Delphi"/>
      </Unit10>
      <Unit11>
        <Filename Value="..\..\KM_CommonEvents.pas"/>
        <UnitName Value="KM_CommonEvents"/>
        <WindowIndex Value="0"/>
        <TopLine Value="1"/>
        <CursorPos X="16" Y="10"/>
        <UsageCount Value="10"/>
        <DefaultSyntaxHighlighter Value="Delphi"/>
      </Unit11>
      <Unit12>
        <Filename Value="C:\lazarus\fpc\2.4.4\source\rtl\objpas\classes\classesh.inc"/>
        <WindowIndex Value="0"/>
        <TopLine Value="108"/>
        <CursorPos X="3" Y="123"/>
        <UsageCount Value="9"/>
      </Unit12>
      <Unit13>
        <Filename Value="..\TranslationManager\Unit1.pas"/>
        <UnitName Value="Unit1"/>
        <WindowIndex Value="0"/>
        <TopLine Value="1"/>
        <CursorPos X="1" Y="1"/>
        <UsageCount Value="9"/>
        <DefaultSyntaxHighlighter Value="Delphi"/>
      </Unit13>
      <Unit14>
        <Filename Value="..\..\KaM_Remake.inc"/>
        <WindowIndex Value="0"/>
        <TopLine Value="1"/>
        <CursorPos X="32" Y="8"/>
        <UsageCount Value="9"/>
        <DefaultSyntaxHighlighter Value="Delphi"/>
      </Unit14>
      <Unit15>
        <Filename Value="C:\lazarus\lcl\forms.pp"/>
        <UnitName Value="Forms"/>
        <WindowIndex Value="0"/>
        <TopLine Value="57"/>
        <CursorPos X="41" Y="70"/>
        <UsageCount Value="9"/>
      </Unit15>
      <Unit16>
        <Filename Value="..\DedicatedServer\KaM_DedicatedServer.dpr"/>
        <UnitName Value="KaM_DedicatedServer"/>
        <WindowIndex Value="0"/>
        <TopLine Value="1"/>
        <CursorPos X="24" Y="9"/>
        <UsageCount Value="9"/>
        <DefaultSyntaxHighlighter Value="Delphi"/>
      </Unit16>
      <Unit17>
        <Filename Value="..\DedicatedServer\KM_ServerEventHandler.pas"/>
        <UnitName Value="KM_ServerEventHandler"/>
        <WindowIndex Value="0"/>
        <TopLine Value="4"/>
        <CursorPos X="30" Y="24"/>
        <UsageCount Value="9"/>
        <DefaultSyntaxHighlighter Value="Delphi"/>
      </Unit17>
      <Unit18>
        <Filename Value="C:\lazarus\fpc\2.4.4\source\rtl\objpas\sysutils\sysutilh.inc"/>
        <WindowIndex Value="0"/>
        <TopLine Value="263"/>
        <CursorPos X="13" Y="278"/>
        <UsageCount Value="9"/>
      </Unit18>
      <Unit19>
        <Filename Value="C:\lazarus\fpc\2.4.4\source\rtl\objpas\sysutils\sysutils.inc"/>
        <WindowIndex Value="0"/>
        <TopLine Value="126"/>
        <CursorPos X="25" Y="148"/>
        <UsageCount Value="9"/>
      </Unit19>
      <Unit20>
        <Filename Value="C:\lazarus\lcl\stdctrls.pp"/>
        <UnitName Value="StdCtrls"/>
        <WindowIndex Value="0"/>
        <TopLine Value="677"/>
        <CursorPos X="31" Y="690"/>
        <UsageCount Value="9"/>
      </Unit20>
      <Unit21>
        <Filename Value="C:\lazarus\lcl\controls.pp"/>
        <UnitName Value="Controls"/>
        <WindowIndex Value="0"/>
        <TopLine Value="1436"/>
        <CursorPos X="3" Y="864"/>
        <UsageCount Value="9"/>
      </Unit21>
      <Unit22>
        <Filename Value="..\..\KM_GameInfo.pas"/>
        <UnitName Value="KM_GameInfo"/>
        <WindowIndex Value="0"/>
        <TopLine Value="1"/>
        <CursorPos X="13" Y="11"/>
        <UsageCount Value="16"/>
        <DefaultSyntaxHighlighter Value="Delphi"/>
      </Unit22>
      <Unit23>
        <Filename Value="..\..\KM_ResourceSprites.pas"/>
        <UnitName Value="KM_ResourceSprites"/>
        <WindowIndex Value="0"/>
        <TopLine Value="484"/>
        <CursorPos X="1" Y="495"/>
        <UsageCount Value="10"/>
        <DefaultSyntaxHighlighter Value="Delphi"/>
      </Unit23>
    </Units>
    <JumpHistory Count="28" HistoryIndex="27">
      <Position1>
        <Filename Value="unitmain.pas"/>
        <Caret Line="300" Column="46" TopLine="276"/>
      </Position1>
      <Position2>
        <Filename Value="unitmain.pas"/>
        <Caret Line="75" Column="1" TopLine="63"/>
      </Position2>
      <Position3>
        <Filename Value="unitmain.pas"/>
        <Caret Line="199" Column="71" TopLine="193"/>
      </Position3>
      <Position4>
        <Filename Value="unitmain.pas"/>
        <Caret Line="256" Column="38" TopLine="244"/>
      </Position4>
      <Position5>
        <Filename Value="unitmain.pas"/>
        <Caret Line="63" Column="18" TopLine="52"/>
      </Position5>
      <Position6>
        <Filename Value="unitmain.pas"/>
        <Caret Line="300" Column="4" TopLine="291"/>
      </Position6>
      <Position7>
        <Filename Value="unitmain.pas"/>
        <Caret Line="301" Column="1" TopLine="280"/>
      </Position7>
      <Position8>
        <Filename Value="unitmain.pas"/>
        <Caret Line="255" Column="1" TopLine="237"/>
      </Position8>
      <Position9>
        <Filename Value="unitmain.pas"/>
        <Caret Line="252" Column="1" TopLine="236"/>
      </Position9>
      <Position10>
        <Filename Value="unitmain.pas"/>
        <Caret Line="276" Column="26" TopLine="251"/>
      </Position10>
      <Position11>
        <Filename Value="unitmain.pas"/>
        <Caret Line="252" Column="1" TopLine="242"/>
      </Position11>
      <Position12>
        <Filename Value="unitmain.pas"/>
        <Caret Line="64" Column="1" TopLine="50"/>
      </Position12>
      <Position13>
        <Filename Value="unitmain.pas"/>
        <Caret Line="242" Column="1" TopLine="236"/>
      </Position13>
      <Position14>
        <Filename Value="unitmain.pas"/>
        <Caret Line="188" Column="20" TopLine="177"/>
      </Position14>
      <Position15>
        <Filename Value="unitmain.pas"/>
        <Caret Line="70" Column="27" TopLine="51"/>
      </Position15>
      <Position16>
        <Filename Value="unitmain.pas"/>
        <Caret Line="102" Column="15" TopLine="88"/>
      </Position16>
      <Position17>
        <Filename Value="unitmain.pas"/>
        <Caret Line="101" Column="15" TopLine="87"/>
      </Position17>
      <Position18>
        <Filename Value="unitmain.pas"/>
        <Caret Line="192" Column="5" TopLine="186"/>
      </Position18>
      <Position19>
        <Filename Value="unitmain.pas"/>
        <Caret Line="240" Column="3" TopLine="232"/>
      </Position19>
      <Position20>
        <Filename Value="unitmain.pas"/>
        <Caret Line="206" Column="34" TopLine="186"/>
      </Position20>
      <Position21>
        <Filename Value="unitmain.pas"/>
        <Caret Line="240" Column="3" TopLine="228"/>
      </Position21>
      <Position22>
        <Filename Value="unitmain.pas"/>
        <Caret Line="192" Column="1" TopLine="190"/>
      </Position22>
      <Position23>
        <Filename Value="unitmain.pas"/>
        <Caret Line="256" Column="3" TopLine="238"/>
      </Position23>
      <Position24>
        <Filename Value="unitmain.pas"/>
        <Caret Line="208" Column="1" TopLine="190"/>
      </Position24>
      <Position25>
        <Filename Value="unitmain.pas"/>
        <Caret Line="263" Column="68" TopLine="230"/>
      </Position25>
      <Position26>
        <Filename Value="unitmain.pas"/>
        <Caret Line="262" Column="68" TopLine="236"/>
      </Position26>
      <Position27>
        <Filename Value="unitmain.pas"/>
        <Caret Line="220" Column="11" TopLine="197"/>
      </Position27>
      <Position28>
        <Filename Value="unitmain.pas"/>
        <Caret Line="225" Column="9" TopLine="207"/>
      </Position28>
    </JumpHistory>
  </ProjectOptions>
  <CompilerOptions>
    <Version Value="9"/>
    <PathDelim Value="\"/>
    <SearchPaths>
      <IncludeFiles Value="..\..;..\..\Common;..\..\Common\LNet;$(ProjOutDir)"/>
      <OtherUnitFiles Value="..\..;..\..\Common;..\..\Common\LNet"/>
    </SearchPaths>
    <Parsing>
      <SyntaxOptions>
        <SyntaxMode Value="Delphi"/>
      </SyntaxOptions>
    </Parsing>
    <Linking>
      <Options>
        <Win32>
          <GraphicApplication Value="True"/>
        </Win32>
      </Options>
    </Linking>
    <Other>
      <CompilerMessages>
        <UseMsgFile Value="True"/>
      </CompilerMessages>
      <CompilerPath Value="$(CompPath)"/>
    </Other>
  </CompilerOptions>
  <Debugging>
    <Exceptions Count="3">
      <Item1>
        <Name Value="EAbort"/>
      </Item1>
      <Item2>
        <Name Value="ECodetoolError"/>
      </Item2>
      <Item3>
        <Name Value="EFOpenError"/>
      </Item3>
    </Exceptions>
  </Debugging>
</CONFIG>
